// !$*UTF8*$!
{
	archiveVersion = 1;
	classes = {
	};
	objectVersion = 50;
	objects = {

/* Begin PBXBuildFile section */
		8460E48D21D3330A00CC1621 /* AppDelegate.swift in Sources */ = {isa = PBXBuildFile; fileRef = 8460E48C21D3330A00CC1621 /* AppDelegate.swift */; };
		8460E48F21D3330A00CC1621 /* ViewController.swift in Sources */ = {isa = PBXBuildFile; fileRef = 8460E48E21D3330A00CC1621 /* ViewController.swift */; };
		8460E49221D3330A00CC1621 /* Main.storyboard in Resources */ = {isa = PBXBuildFile; fileRef = 8460E49021D3330A00CC1621 /* Main.storyboard */; };
		8460E49521D3330A00CC1621 /* CollectionViewBasic.xcdatamodeld in Sources */ = {isa = PBXBuildFile; fileRef = 8460E49321D3330A00CC1621 /* CollectionViewBasic.xcdatamodeld */; };
		8460E49721D3330B00CC1621 /* Assets.xcassets in Resources */ = {isa = PBXBuildFile; fileRef = 8460E49621D3330B00CC1621 /* Assets.xcassets */; };
		8460E49A21D3330B00CC1621 /* LaunchScreen.storyboard in Resources */ = {isa = PBXBuildFile; fileRef = 8460E49821D3330B00CC1621 /* LaunchScreen.storyboard */; };
		8460E4A221D333F300CC1621 /* MyCollectionViewCell.swift in Sources */ = {isa = PBXBuildFile; fileRef = 8460E4A121D333F300CC1621 /* MyCollectionViewCell.swift */; };
/* End PBXBuildFile section */

/* Begin PBXFileReference section */
		8460E48921D3330A00CC1621 /* CollectionViewBasic.app */ = {isa = PBXFileReference; explicitFileType = wrapper.application; includeInIndex = 0; path = CollectionViewBasic.app; sourceTree = BUILT_PRODUCTS_DIR; };
		8460E48C21D3330A00CC1621 /* AppDelegate.swift */ = {isa = PBXFileReference; lastKnownFileType = sourcecode.swift; path = AppDelegate.swift; sourceTree = "<group>"; };
		8460E48E21D3330A00CC1621 /* ViewController.swift */ = {isa = PBXFileReference; lastKnownFileType = sourcecode.swift; path = ViewController.swift; sourceTree = "<group>"; };
		8460E49121D3330A00CC1621 /* Base */ = {isa = PBXFileReference; lastKnownFileType = file.storyboard; name = Base; path = Base.lproj/Main.storyboard; sourceTree = "<group>"; };
		8460E49421D3330A00CC1621 /* CollectionViewBasic.xcdatamodel */ = {isa = PBXFileReference; lastKnownFileType = wrapper.xcdatamodel; path = CollectionViewBasic.xcdatamodel; sourceTree = "<group>"; };
		8460E49621D3330B00CC1621 /* Assets.xcassets */ = {isa = PBXFileReference; lastKnownFileType = folder.assetcatalog; path = Assets.xcassets; sourceTree = "<group>"; };
		8460E49921D3330B00CC1621 /* Base */ = {isa = PBXFileReference; lastKnownFileType = file.storyboard; name = Base; path = Base.lproj/LaunchScreen.storyboard; sourceTree = "<group>"; };
		8460E49B21D3330B00CC1621 /* Info.plist */ = {isa = PBXFileReference; lastKnownFileType = text.plist.xml; path = Info.plist; sourceTree = "<group>"; };
		8460E4A121D333F300CC1621 /* MyCollectionViewCell.swift */ = {isa = PBXFileReference; lastKnownFileType = sourcecode.swift; path = MyCollectionViewCell.swift; sourceTree = "<group>"; };
/* End PBXFileReference section */

/* Begin PBXFrameworksBuildPhase section */
		8460E48621D3330A00CC1621 /* Frameworks */ = {
			isa = PBXFrameworksBuildPhase;
			buildActionMask = 2147483647;
			files = (
			);
			runOnlyForDeploymentPostprocessing = 0;
		};
/* End PBXFrameworksBuildPhase section */

/* Begin PBXGroup section */
		8460E48021D3330A00CC1621 = {
			isa = PBXGroup;
			children = (
				8460E48B21D3330A00CC1621 /* CollectionViewBasic */,
				8460E48A21D3330A00CC1621 /* Products */,
			);
			sourceTree = "<group>";
		};
		8460E48A21D3330A00CC1621 /* Products */ = {
			isa = PBXGroup;
			children = (
				8460E48921D3330A00CC1621 /* CollectionViewBasic.app */,
			);
			name = Products;
			sourceTree = "<group>";
		};
		8460E48B21D3330A00CC1621 /* CollectionViewBasic */ = {
			isa = PBXGroup;
			children = (
				8460E48C21D3330A00CC1621 /* AppDelegate.swift */,
				8460E48E21D3330A00CC1621 /* ViewController.swift */,
				8460E4A121D333F300CC1621 /* MyCollectionViewCell.swift */,
				8460E49021D3330A00CC1621 /* Main.storyboard */,
				8460E49621D3330B00CC1621 /* Assets.xcassets */,
				8460E49821D3330B00CC1621 /* LaunchScreen.storyboard */,
				8460E49B21D3330B00CC1621 /* Info.plist */,
				8460E49321D3330A00CC1621 /* CollectionViewBasic.xcdatamodeld */,
			);
			path = CollectionViewBasic;
			sourceTree = "<group>";
		};
/* End PBXGroup section */

/* Begin PBXNativeTarget section */
		8460E48821D3330A00CC1621 /* CollectionViewBasic */ = {
			isa = PBXNativeTarget;
			buildConfigurationList = 8460E49E21D3330B00CC1621 /* Build configuration list for PBXNativeTarget "CollectionViewBasic" */;
			buildPhases = (
				8460E48521D3330A00CC1621 /* Sources */,
				8460E48621D3330A00CC1621 /* Frameworks */,
				8460E48721D3330A00CC1621 /* Resources */,
			);
			buildRules = (
			);
			dependencies = (
			);
			name = CollectionViewBasic;
			productName = CollectionViewBasic;
			productReference = 8460E48921D3330A00CC1621 /* CollectionViewBasic.app */;
			productType = "com.apple.product-type.application";
		};
/* End PBXNativeTarget section */

/* Begin PBXProject section */
		8460E48121D3330A00CC1621 /* Project object */ = {
			isa = PBXProject;
			attributes = {
				LastSwiftUpdateCheck = 0940;
				LastUpgradeCheck = 0940;
				ORGANIZATIONNAME = admin;
				TargetAttributes = {
					8460E48821D3330A00CC1621 = {
						CreatedOnToolsVersion = 9.4.1;
					};
				};
			};
			buildConfigurationList = 8460E48421D3330A00CC1621 /* Build configuration list for PBXProject "CollectionViewBasic" */;
			compatibilityVersion = "Xcode 9.3";
			developmentRegion = en;
			hasScannedForEncodings = 0;
			knownRegions = (
				en,
				Base,
			);
			mainGroup = 8460E48021D3330A00CC1621;
			productRefGroup = 8460E48A21D3330A00CC1621 /* Products */;
			projectDirPath = "";
			projectRoot = "";
			targets = (
				8460E48821D3330A00CC1621 /* CollectionViewBasic */,
			);
		};
/* End PBXProject section */

/* Begin PBXResourcesBuildPhase section */
		8460E48721D3330A00CC1621 /* Resources */ = {
			isa = PBXResourcesBuildPhase;
			buildActionMask = 2147483647;
			files = (
				8460E49A21D3330B00CC1621 /* LaunchScreen.storyboard in Resources */,
				8460E49721D3330B00CC1621 /* Assets.xcassets in Resources */,
				8460E49221D3330A00CC1621 /* Main.storyboard in Resources */,
			);
			runOnlyForDeploymentPostprocessing = 0;
		};
/* End PBXResourcesBuildPhase section */

/* Begin PBXSourcesBuildPhase section */
		8460E48521D3330A00CC1621 /* Sources */ = {
			isa = PBXSourcesBuildPhase;
			buildActionMask = 2147483647;
			files = (
				8460E48F21D3330A00CC1621 /* ViewController.swift in Sources */,
				8460E48D21D3330A00CC1621 /* AppDelegate.swift in Sources */,
				8460E4A221D333F300CC1621 /* MyCollectionViewCell.swift in Sources */,
				8460E49521D3330A00CC1621 /* CollectionViewBasic.xcdatamodeld in Sources */,
			);
			runOnlyForDeploymentPostprocessing = 0;
		};
/* End PBXSourcesBuildPhase section */

/* Begin PBXVariantGroup section */
		8460E49021D3330A00CC1621 /* Main.storyboard */ = {
			isa = PBXVariantGroup;
			children = (
				8460E49121D3330A00CC1621 /* Base */,
			);
			name = Main.storyboard;
			sourceTree = "<group>";
		};
		8460E49821D3330B00CC1621 /* LaunchScreen.storyboard */ = {
			isa = PBXVariantGroup;
			children = (
				8460E49921D3330B00CC1621 /* Base */,
			);
			name = LaunchScreen.storyboard;
			sourceTree = "<group>";
		};
/* End PBXVariantGroup section */

/* Begin XCBuildConfiguration section */
		8460E49C21D3330B00CC1621 /* Debug */ = {
			isa = XCBuildConfiguration;
			buildSettings = {
				ALWAYS_SEARCH_USER_PATHS = NO;
				CLANG_ANALYZER_NONNULL = YES;
				CLANG_ANALYZER_NUMBER_OBJECT_CONVERSION = YES_AGGRESSIVE;
				CLANG_CXX_LANGUAGE_STANDARD = "gnu++14";
				CLANG_CXX_LIBRARY = "libc++";
				CLANG_ENABLE_MODULES = YES;
				CLANG_ENABLE_OBJC_ARC = YES;
				CLANG_ENABLE_OBJC_WEAK = YES;
				CLANG_WARN_BLOCK_CAPTURE_AUTORELEASING = YES;
				CLANG_WARN_BOOL_CONVERSION = YES;
				CLANG_WARN_COMMA = YES;
				CLANG_WARN_CONSTANT_CONVERSION = YES;
				CLANG_WARN_DEPRECATED_OBJC_IMPLEMENTATIONS = YES;
				CLANG_WARN_DIRECT_OBJC_ISA_USAGE = YES_ERROR;
				CLANG_WARN_DOCUMENTATION_COMMENTS = YES;
				CLANG_WARN_EMPTY_BODY = YES;
				CLANG_WARN_ENUM_CONVERSION = YES;
				CLANG_WARN_INFINITE_RECURSION = YES;
				CLANG_WARN_INT_CONVERSION = YES;
				CLANG_WARN_NON_LITERAL_NULL_CONVERSION = YES;
				CLANG_WARN_OBJC_IMPLICIT_RETAIN_SELF = YES;
				CLANG_WARN_OBJC_LITERAL_CONVERSION = YES;
				CLANG_WARN_OBJC_ROOT_CLASS = YES_ERROR;
				CLANG_WARN_RANGE_LOOP_ANALYSIS = YES;
				CLANG_WARN_STRICT_PROTOTYPES = YES;
				CLANG_WARN_SUSPICIOUS_MOVE = YES;
				CLANG_WARN_UNGUARDED_AVAILABILITY = YES_AGGRESSIVE;
				CLANG_WARN_UNREACHABLE_CODE = YES;
				CLANG_WARN__DUPLICATE_METHOD_MATCH = YES;
				CODE_SIGN_IDENTITY = "iPhone Developer";
				COPY_PHASE_STRIP = NO;
				DEBUG_INFORMATION_FORMAT = dwarf;
				ENABLE_STRICT_OBJC_MSGSEND = YES;
				ENABLE_TESTABILITY = YES;
				GCC_C_LANGUAGE_STANDARD = gnu11;
				GCC_DYNAMIC_NO_PIC = NO;
				GCC_NO_COMMON_BLOCKS = YES;
				GCC_OPTIMIZATION_LEVEL = 0;
				GCC_PREPROCESSOR_DEFINITIONS = (
					"DEBUG=1",
					"$(inherited)",
				);
				GCC_WARN_64_TO_32_BIT_CONVERSION = YES;
				GCC_WARN_ABOUT_RETURN_TYPE = YES_ERROR;
				GCC_WARN_UNDECLARED_SELECTOR = YES;
				GCC_WARN_UNINITIALIZED_AUTOS = YES_AGGRESSIVE;
				GCC_WARN_UNUSED_FUNCTION = YES;
				GCC_WARN_UNUSED_VARIABLE = YES;
				IPHONEOS_DEPLOYMENT_TARGET = 11.4;
				MTL_ENABLE_DEBUG_INFO = YES;
				ONLY_ACTIVE_ARCH = YES;
				SDKROOT = iphoneos;
				SWIFT_ACTIVE_COMPILATION_CONDITIONS = DEBUG;
				SWIFT_OPTIMIZATION_LEVEL = "-Onone";
			};
			name = Debug;
		};
		8460E49D21D3330B00CC1621 /* Release */ = {
			isa = XCBuildConfiguration;
			buildSettings = {
				ALWAYS_SEARCH_USER_PATHS = NO;
				CLANG_ANALYZER_NONNULL = YES;
				CLANG_ANALYZER_NUMBER_OBJECT_CONVERSION = YES_AGGRESSIVE;
				CLANG_CXX_LANGUAGE_STANDARD = "gnu++14";
				CLANG_CXX_LIBRARY = "libc++";
				CLANG_ENABLE_MODULES = YES;
				CLANG_ENABLE_OBJC_ARC = YES;
				CLANG_ENABLE_OBJC_WEAK = YES;
				CLANG_WARN_BLOCK_CAPTURE_AUTORELEASING = YES;
				CLANG_WARN_BOOL_CONVERSION = YES;
				CLANG_WARN_COMMA = YES;
				CLANG_WARN_CONSTANT_CONVERSION = YES;
				CLANG_WARN_DEPRECATED_OBJC_IMPLEMENTATIONS = YES;
				CLANG_WARN_DIRECT_OBJC_ISA_USAGE = YES_ERROR;
				CLANG_WARN_DOCUMENTATION_COMMENTS = YES;
				CLANG_WARN_EMPTY_BODY = YES;
				CLANG_WARN_ENUM_CONVERSION = YES;
				CLANG_WARN_INFINITE_RECURSION = YES;
				CLANG_WARN_INT_CONVERSION = YES;
				CLANG_WARN_NON_LITERAL_NULL_CONVERSION = YES;
				CLANG_WARN_OBJC_IMPLICIT_RETAIN_SELF = YES;
				CLANG_WARN_OBJC_LITERAL_CONVERSION = YES;
				CLANG_WARN_OBJC_ROOT_CLASS = YES_ERROR;
				CLANG_WARN_RANGE_LOOP_ANALYSIS = YES;
				CLANG_WARN_STRICT_PROTOTYPES = YES;
				CLANG_WARN_SUSPICIOUS_MOVE = YES;
				CLANG_WARN_UNGUARDED_AVAILABILITY = YES_AGGRESSIVE;
				CLANG_WARN_UNREACHABLE_CODE = YES;
				CLANG_WARN__DUPLICATE_METHOD_MATCH = YES;
				CODE_SIGN_IDENTITY = "iPhone Developer";
				COPY_PHASE_STRIP = NO;
				DEBUG_INFORMATION_FORMAT = "dwarf-with-dsym";
				ENABLE_NS_ASSERTIONS = NO;
				ENABLE_STRICT_OBJC_MSGSEND = YES;
				GCC_C_LANGUAGE_STANDARD = gnu11;
				GCC_NO_COMMON_BLOCKS = YES;
				GCC_WARN_64_TO_32_BIT_CONVERSION = YES;
				GCC_WARN_ABOUT_RETURN_TYPE = YES_ERROR;
				GCC_WARN_UNDECLARED_SELECTOR = YES;
				GCC_WARN_UNINITIALIZED_AUTOS = YES_AGGRESSIVE;
				GCC_WARN_UNUSED_FUNCTION = YES;
				GCC_WARN_UNUSED_VARIABLE = YES;
				IPHONEOS_DEPLOYMENT_TARGET = 11.4;
				MTL_ENABLE_DEBUG_INFO = NO;
				SDKROOT = iphoneos;
				SWIFT_COMPILATION_MODE = wholemodule;
				SWIFT_OPTIMIZATION_LEVEL = "-O";
				VALIDATE_PRODUCT = YES;
			};
			name = Release;
		};
		8460E49F21D3330B00CC1621 /* Debug */ = {
			isa = XCBuildConfiguration;
			buildSettings = {
				ASSETCATALOG_COMPILER_APPICON_NAME = AppIcon;
				CODE_SIGN_STYLE = Automatic;
				INFOPLIST_FILE = CollectionViewBasic/Info.plist;
				LD_RUNPATH_SEARCH_PATHS = (
					"$(inherited)",
					"@executable_path/Frameworks",
				);
				PRODUCT_BUNDLE_IDENTIFIER = com.hongchinh.CollectionViewBasic;
				PRODUCT_NAME = "$(TARGET_NAME)";
				SWIFT_VERSION = 4.0;
				TARGETED_DEVICE_FAMILY = "1,2";
			};
			name = Debug;
		};
		8460E4A021D3330B00CC1621 /* Release */ = {
			isa = XCBuildConfiguration;
			buildSettings = {
				ASSETCATALOG_COMPILER_APPICON_NAME = AppIcon;
				CODE_SIGN_STYLE = Automatic;
				INFOPLIST_FILE = CollectionViewBasic/Info.plist;
				LD_RUNPATH_SEARCH_PATHS = (
					"$(inherited)",
					"@executable_path/Frameworks",
				);
				PRODUCT_BUNDLE_IDENTIFIER = com.hongchinh.CollectionViewBasic;
				PRODUCT_NAME = "$(TARGET_NAME)";
				SWIFT_VERSION = 4.0;
				TARGETED_DEVICE_FAMILY = "1,2";
			};
			name = Release;
		};
/* End XCBuildConfiguration section */

/* Begin XCConfigurationList section */
		8460E48421D3330A00CC1621 /* Build configuration list for PBXProject "CollectionViewBasic" */ = {
			isa = XCConfigurationList;
			buildConfigurations = (
				8460E49C21D3330B00CC1621 /* Debug */,
				8460E49D21D3330B00CC1621 /* Release */,
			);
			defaultConfigurationIsVisible = 0;
			defaultConfigurationName = Release;
		};
		8460E49E21D3330B00CC1621 /* Build configuration list for PBXNativeTarget "CollectionViewBasic" */ = {
			isa = XCConfigurationList;
			buildConfigurations = (
				8460E49F21D3330B00CC1621 /* Debug */,
				8460E4A021D3330B00CC1621 /* Release */,
			);
			defaultConfigurationIsVisible = 0;
			defaultConfigurationName = Release;
		};
/* End XCConfigurationList section */

/* Begin XCVersionGroup section */
		8460E49321D3330A00CC1621 /* CollectionViewBasic.xcdatamodeld */ = {
			isa = XCVersionGroup;
			children = (
				8460E49421D3330A00CC1621 /* CollectionViewBasic.xcdatamodel */,
			);
			currentVersion = 8460E49421D3330A00CC1621 /* CollectionViewBasic.xcdatamodel */;
			path = CollectionViewBasic.xcdatamodeld;
			sourceTree = "<group>";
			versionGroupType = wrapper.xcdatamodel;
		};
/* End XCVersionGroup section */
	};
	rootObject = 8460E48121D3330A00CC1621 /* Project object */;
}
